
Microsoft Visual Studio Solution File, Format Version 12.00
# Visual Studio Version 16
VisualStudioVersion = 16.0.30621.155
MinimumVisualStudioVersion = 10.0.40219.1
Project("{FAE04EC0-301F-11D3-BF4B-00C04F79EFBC}") = "Mabahs.Test project 1", "Mabahs.Test project 1.csproj", "{A48C76FB-96C9-43E0-8A54-A97A4A0F2926}"
EndProject
Global
	GlobalSection(SolutionConfigurationPlatforms) = preSolution
		Debug|Any CPU = Debug|Any CPU
		Release|Any CPU = Release|Any CPU
	EndGlobalSection
	GlobalSection(ProjectConfigurationPlatforms) = postSolution
		{A48C76FB-96C9-43E0-8A54-A97A4A0F2926}.Debug|Any CPU.ActiveCfg = Debug|Any CPU
		{A48C76FB-96C9-43E0-8A54-A97A4A0F2926}.Debug|Any CPU.Build.0 = Debug|Any CPU
		{A48C76FB-96C9-43E0-8A54-A97A4A0F2926}.Release|Any CPU.ActiveCfg = Release|Any CPU
		{A48C76FB-96C9-43E0-8A54-A97A4A0F2926}.Release|Any CPU.Build.0 = Release|Any CPU
	EndGlobalSection
	GlobalSection(SolutionProperties) = preSolution
		HideSolutionNode = FALSE
	EndGlobalSection
	GlobalSection(ExtensibilityGlobals) = postSolution
		SolutionGuid = {B9FF8607-3385-4CC0-9CAE-E9854E146ADE}
	EndGlobalSection
EndGlobal
